// !$*UTF8*$!
{
	archiveVersion = 1;
	classes = {
	};
	objectVersion = 46;
	objects = {

/* Begin PBXBuildFile section */
		50150B5F1AEADDAD005A63CF /* MTEModel.m in Sources */ = {isa = PBXBuildFile; fileRef = 50150B5E1AEADDAD005A63CF /* MTEModel.m */; };
		50150B621AEAE379005A63CF /* MTECategory.m in Sources */ = {isa = PBXBuildFile; fileRef = 50150B611AEAE379005A63CF /* MTECategory.m */; };
		50150B681AEAE4BB005A63CF /* MTETravel.m in Sources */ = {isa = PBXBuildFile; fileRef = 50150B671AEAE4BB005A63CF /* MTETravel.m */; };
		502C2E3D1AEA9255001D0B88 /* CoreData.framework in Frameworks */ = {isa = PBXBuildFile; fileRef = 502C2E3C1AEA9255001D0B88 /* CoreData.framework */; };
		502C2E411AEA937A001D0B88 /* myTravelExpenses.xcdatamodeld in Sources */ = {isa = PBXBuildFile; fileRef = 502C2E3F1AEA937A001D0B88 /* myTravelExpenses.xcdatamodeld */; };
		5074FEE81AD05451009FD06D /* main.m in Sources */ = {isa = PBXBuildFile; fileRef = 5074FEE71AD05451009FD06D /* main.m */; };
		5074FEEB1AD05451009FD06D /* AppDelegate.m in Sources */ = {isa = PBXBuildFile; fileRef = 5074FEEA1AD05451009FD06D /* AppDelegate.m */; };
		5074FEF11AD05451009FD06D /* Main.storyboard in Resources */ = {isa = PBXBuildFile; fileRef = 5074FEEF1AD05451009FD06D /* Main.storyboard */; };
		5074FEF31AD05451009FD06D /* Images.xcassets in Resources */ = {isa = PBXBuildFile; fileRef = 5074FEF21AD05451009FD06D /* Images.xcassets */; };
		5074FEF61AD05451009FD06D /* LaunchScreen.xib in Resources */ = {isa = PBXBuildFile; fileRef = 5074FEF41AD05451009FD06D /* LaunchScreen.xib */; };
		5074FF021AD05451009FD06D /* myTravelExpensesTests.m in Sources */ = {isa = PBXBuildFile; fileRef = 5074FF011AD05451009FD06D /* myTravelExpensesTests.m */; };
		5074FF0E1AD0583A009FD06D /* MTETravelListViewController.m in Sources */ = {isa = PBXBuildFile; fileRef = 5074FF0D1AD0583A009FD06D /* MTETravelListViewController.m */; };
		5074FF111AD05A9B009FD06D /* MTETravelTableViewCell.m in Sources */ = {isa = PBXBuildFile; fileRef = 5074FF101AD05A9B009FD06D /* MTETravelTableViewCell.m */; };
		5074FF191AD0852B009FD06D /* MTEConfigUtil.m in Sources */ = {isa = PBXBuildFile; fileRef = 5074FF181AD0852B009FD06D /* MTEConfigUtil.m */; };
		5074FF1C1AD08632009FD06D /* MTEHelper.m in Sources */ = {isa = PBXBuildFile; fileRef = 5074FF1B1AD08632009FD06D /* MTEHelper.m */; };
		5074FF221AD82731009FD06D /* MTETheme.m in Sources */ = {isa = PBXBuildFile; fileRef = 5074FF211AD82731009FD06D /* MTETheme.m */; };
		5074FF251AD82744009FD06D /* MTEDefaultTheme.m in Sources */ = {isa = PBXBuildFile; fileRef = 5074FF241AD82744009FD06D /* MTEDefaultTheme.m */; };
		5074FF331AD93FA2009FD06D /* MTETravelListEmptyView.xib in Resources */ = {isa = PBXBuildFile; fileRef = 5074FF321AD93FA2009FD06D /* MTETravelListEmptyView.xib */; };
		5074FF361AD9430B009FD06D /* MTETravelListEmptyView.m in Sources */ = {isa = PBXBuildFile; fileRef = 5074FF351AD9430B009FD06D /* MTETravelListEmptyView.m */; };
		5074FF3C1AD98514009FD06D /* MTECurrencyTableViewCell.m in Sources */ = {isa = PBXBuildFile; fileRef = 5074FF3B1AD98514009FD06D /* MTECurrencyTableViewCell.m */; };
		50CEE97E1AF02205008D59CE /* MTEAddTravelViewController.m in Sources */ = {isa = PBXBuildFile; fileRef = 50CEE97D1AF02205008D59CE /* MTEAddTravelViewController.m */; };
		50D4E1951B3F1DFD00011085 /* MTEExpenseListTableViewController.m in Sources */ = {isa = PBXBuildFile; fileRef = 50D4E1941B3F1DFD00011085 /* MTEExpenseListTableViewController.m */; };
		50E7747E1B2CC2F800D900FC /* MTEAddExpenseViewController.m in Sources */ = {isa = PBXBuildFile; fileRef = 50E7747D1B2CC2F800D900FC /* MTEAddExpenseViewController.m */; };
		50E774811B2CC40700D900FC /* MTETravelViewController.m in Sources */ = {isa = PBXBuildFile; fileRef = 50E774801B2CC40700D900FC /* MTETravelViewController.m */; };
		50F70B241B68D7D30097282C /* MTECategoryViewController.m in Sources */ = {isa = PBXBuildFile; fileRef = 50F70B231B68D7D30097282C /* MTECategoryViewController.m */; };
		50F70B271B6903570097282C /* MTEExpense.m in Sources */ = {isa = PBXBuildFile; fileRef = 50F70B261B6903570097282C /* MTEExpense.m */; };
		5F2C85C52A209FBE1B4D517E /* libPods.a in Frameworks */ = {isa = PBXBuildFile; fileRef = 1D11A70ADBD75CC683412FD8 /* libPods.a */; };
/* End PBXBuildFile section */

/* Begin PBXContainerItemProxy section */
		5074FEFC1AD05451009FD06D /* PBXContainerItemProxy */ = {
			isa = PBXContainerItemProxy;
			containerPortal = 5074FEDA1AD05451009FD06D /* Project object */;
			proxyType = 1;
			remoteGlobalIDString = 5074FEE11AD05451009FD06D;
			remoteInfo = myTravelExpenses;
		};
/* End PBXContainerItemProxy section */

/* Begin PBXFileReference section */
		1D11A70ADBD75CC683412FD8 /* libPods.a */ = {isa = PBXFileReference; explicitFileType = archive.ar; includeInIndex = 0; path = libPods.a; sourceTree = BUILT_PRODUCTS_DIR; };
		2C54EAD2CC319F6CE46F4779 /* Pods.debug.xcconfig */ = {isa = PBXFileReference; includeInIndex = 1; lastKnownFileType = text.xcconfig; name = Pods.debug.xcconfig; path = "Pods/Target Support Files/Pods/Pods.debug.xcconfig"; sourceTree = "<group>"; };
		50150B5D1AEADDAD005A63CF /* MTEModel.h */ = {isa = PBXFileReference; fileEncoding = 4; lastKnownFileType = sourcecode.c.h; path = MTEModel.h; sourceTree = "<group>"; };
		50150B5E1AEADDAD005A63CF /* MTEModel.m */ = {isa = PBXFileReference; fileEncoding = 4; lastKnownFileType = sourcecode.c.objc; path = MTEModel.m; sourceTree = "<group>"; };
		50150B601AEAE379005A63CF /* MTECategory.h */ = {isa = PBXFileReference; fileEncoding = 4; lastKnownFileType = sourcecode.c.h; path = MTECategory.h; sourceTree = "<group>"; };
		50150B611AEAE379005A63CF /* MTECategory.m */ = {isa = PBXFileReference; fileEncoding = 4; lastKnownFileType = sourcecode.c.objc; path = MTECategory.m; sourceTree = "<group>"; };
		50150B661AEAE4BB005A63CF /* MTETravel.h */ = {isa = PBXFileReference; fileEncoding = 4; lastKnownFileType = sourcecode.c.h; path = MTETravel.h; sourceTree = "<group>"; };
		50150B671AEAE4BB005A63CF /* MTETravel.m */ = {isa = PBXFileReference; fileEncoding = 4; lastKnownFileType = sourcecode.c.objc; path = MTETravel.m; sourceTree = "<group>"; };
		502C2E3C1AEA9255001D0B88 /* CoreData.framework */ = {isa = PBXFileReference; lastKnownFileType = wrapper.framework; name = CoreData.framework; path = System/Library/Frameworks/CoreData.framework; sourceTree = SDKROOT; };
		502C2E3E1AEA9306001D0B88 /* myTravelExpenses-Prefix.pch */ = {isa = PBXFileReference; lastKnownFileType = sourcecode.c.h; path = "myTravelExpenses-Prefix.pch"; sourceTree = "<group>"; };
		502C2E401AEA937A001D0B88 /* myTravelExpenses.xcdatamodel */ = {isa = PBXFileReference; lastKnownFileType = wrapper.xcdatamodel; path = myTravelExpenses.xcdatamodel; sourceTree = "<group>"; };
		5074FEE21AD05451009FD06D /* myTravelExpenses.app */ = {isa = PBXFileReference; explicitFileType = wrapper.application; includeInIndex = 0; path = myTravelExpenses.app; sourceTree = BUILT_PRODUCTS_DIR; };
		5074FEE61AD05451009FD06D /* Info.plist */ = {isa = PBXFileReference; lastKnownFileType = text.plist.xml; path = Info.plist; sourceTree = "<group>"; };
		5074FEE71AD05451009FD06D /* main.m */ = {isa = PBXFileReference; lastKnownFileType = sourcecode.c.objc; path = main.m; sourceTree = "<group>"; };
		5074FEE91AD05451009FD06D /* AppDelegate.h */ = {isa = PBXFileReference; lastKnownFileType = sourcecode.c.h; path = AppDelegate.h; sourceTree = "<group>"; };
		5074FEEA1AD05451009FD06D /* AppDelegate.m */ = {isa = PBXFileReference; lastKnownFileType = sourcecode.c.objc; path = AppDelegate.m; sourceTree = "<group>"; };
		5074FEF01AD05451009FD06D /* Base */ = {isa = PBXFileReference; lastKnownFileType = file.storyboard; name = Base; path = Base.lproj/Main.storyboard; sourceTree = "<group>"; };
		5074FEF21AD05451009FD06D /* Images.xcassets */ = {isa = PBXFileReference; lastKnownFileType = folder.assetcatalog; path = Images.xcassets; sourceTree = "<group>"; };
		5074FEF51AD05451009FD06D /* Base */ = {isa = PBXFileReference; lastKnownFileType = file.xib; name = Base; path = Base.lproj/LaunchScreen.xib; sourceTree = "<group>"; };
		5074FEFB1AD05451009FD06D /* myTravelExpensesTests.xctest */ = {isa = PBXFileReference; explicitFileType = wrapper.cfbundle; includeInIndex = 0; path = myTravelExpensesTests.xctest; sourceTree = BUILT_PRODUCTS_DIR; };
		5074FF001AD05451009FD06D /* Info.plist */ = {isa = PBXFileReference; lastKnownFileType = text.plist.xml; path = Info.plist; sourceTree = "<group>"; };
		5074FF011AD05451009FD06D /* myTravelExpensesTests.m */ = {isa = PBXFileReference; lastKnownFileType = sourcecode.c.objc; path = myTravelExpensesTests.m; sourceTree = "<group>"; };
		5074FF0C1AD0583A009FD06D /* MTETravelListViewController.h */ = {isa = PBXFileReference; fileEncoding = 4; lastKnownFileType = sourcecode.c.h; path = MTETravelListViewController.h; sourceTree = "<group>"; };
		5074FF0D1AD0583A009FD06D /* MTETravelListViewController.m */ = {isa = PBXFileReference; fileEncoding = 4; lastKnownFileType = sourcecode.c.objc; path = MTETravelListViewController.m; sourceTree = "<group>"; };
		5074FF0F1AD05A9B009FD06D /* MTETravelTableViewCell.h */ = {isa = PBXFileReference; fileEncoding = 4; lastKnownFileType = sourcecode.c.h; path = MTETravelTableViewCell.h; sourceTree = "<group>"; };
		5074FF101AD05A9B009FD06D /* MTETravelTableViewCell.m */ = {isa = PBXFileReference; fileEncoding = 4; lastKnownFileType = sourcecode.c.objc; path = MTETravelTableViewCell.m; sourceTree = "<group>"; };
		5074FF171AD0852B009FD06D /* MTEConfigUtil.h */ = {isa = PBXFileReference; fileEncoding = 4; lastKnownFileType = sourcecode.c.h; path = MTEConfigUtil.h; sourceTree = "<group>"; };
		5074FF181AD0852B009FD06D /* MTEConfigUtil.m */ = {isa = PBXFileReference; fileEncoding = 4; lastKnownFileType = sourcecode.c.objc; path = MTEConfigUtil.m; sourceTree = "<group>"; };
		5074FF1A1AD08632009FD06D /* MTEHelper.h */ = {isa = PBXFileReference; fileEncoding = 4; lastKnownFileType = sourcecode.c.h; path = MTEHelper.h; sourceTree = "<group>"; };
		5074FF1B1AD08632009FD06D /* MTEHelper.m */ = {isa = PBXFileReference; fileEncoding = 4; lastKnownFileType = sourcecode.c.objc; path = MTEHelper.m; sourceTree = "<group>"; };
		5074FF201AD82731009FD06D /* MTETheme.h */ = {isa = PBXFileReference; fileEncoding = 4; lastKnownFileType = sourcecode.c.h; path = MTETheme.h; sourceTree = "<group>"; };
		5074FF211AD82731009FD06D /* MTETheme.m */ = {isa = PBXFileReference; fileEncoding = 4; lastKnownFileType = sourcecode.c.objc; path = MTETheme.m; sourceTree = "<group>"; };
		5074FF231AD82744009FD06D /* MTEDefaultTheme.h */ = {isa = PBXFileReference; fileEncoding = 4; lastKnownFileType = sourcecode.c.h; path = MTEDefaultTheme.h; sourceTree = "<group>"; };
		5074FF241AD82744009FD06D /* MTEDefaultTheme.m */ = {isa = PBXFileReference; fileEncoding = 4; lastKnownFileType = sourcecode.c.objc; path = MTEDefaultTheme.m; sourceTree = "<group>"; };
		5074FF281AD832B3009FD06D /* OpenSans-Bold.ttf */ = {isa = PBXFileReference; lastKnownFileType = file; path = "OpenSans-Bold.ttf"; sourceTree = "<group>"; };
		5074FF291AD832B3009FD06D /* OpenSans-BoldItalic.ttf */ = {isa = PBXFileReference; lastKnownFileType = file; path = "OpenSans-BoldItalic.ttf"; sourceTree = "<group>"; };
		5074FF2A1AD832B3009FD06D /* OpenSans-ExtraBold.ttf */ = {isa = PBXFileReference; lastKnownFileType = file; path = "OpenSans-ExtraBold.ttf"; sourceTree = "<group>"; };
		5074FF2B1AD832B3009FD06D /* OpenSans-ExtraBoldItalic.ttf */ = {isa = PBXFileReference; lastKnownFileType = file; path = "OpenSans-ExtraBoldItalic.ttf"; sourceTree = "<group>"; };
		5074FF2C1AD832B3009FD06D /* OpenSans-Italic.ttf */ = {isa = PBXFileReference; lastKnownFileType = file; path = "OpenSans-Italic.ttf"; sourceTree = "<group>"; };
		5074FF2D1AD832B3009FD06D /* OpenSans-Light.ttf */ = {isa = PBXFileReference; lastKnownFileType = file; path = "OpenSans-Light.ttf"; sourceTree = "<group>"; };
		5074FF2E1AD832B3009FD06D /* OpenSans-LightItalic.ttf */ = {isa = PBXFileReference; lastKnownFileType = file; path = "OpenSans-LightItalic.ttf"; sourceTree = "<group>"; };
		5074FF2F1AD832B3009FD06D /* OpenSans-Regular.ttf */ = {isa = PBXFileReference; lastKnownFileType = file; path = "OpenSans-Regular.ttf"; sourceTree = "<group>"; };
		5074FF301AD832B3009FD06D /* OpenSans-Semibold.ttf */ = {isa = PBXFileReference; lastKnownFileType = file; path = "OpenSans-Semibold.ttf"; sourceTree = "<group>"; };
		5074FF311AD832B3009FD06D /* OpenSans-SemiboldItalic.ttf */ = {isa = PBXFileReference; lastKnownFileType = file; path = "OpenSans-SemiboldItalic.ttf"; sourceTree = "<group>"; };
		5074FF321AD93FA2009FD06D /* MTETravelListEmptyView.xib */ = {isa = PBXFileReference; fileEncoding = 4; lastKnownFileType = file.xib; path = MTETravelListEmptyView.xib; sourceTree = "<group>"; };
		5074FF341AD9430B009FD06D /* MTETravelListEmptyView.h */ = {isa = PBXFileReference; fileEncoding = 4; lastKnownFileType = sourcecode.c.h; path = MTETravelListEmptyView.h; sourceTree = "<group>"; };
		5074FF351AD9430B009FD06D /* MTETravelListEmptyView.m */ = {isa = PBXFileReference; fileEncoding = 4; lastKnownFileType = sourcecode.c.objc; path = MTETravelListEmptyView.m; sourceTree = "<group>"; };
		5074FF3A1AD98514009FD06D /* MTECurrencyTableViewCell.h */ = {isa = PBXFileReference; fileEncoding = 4; lastKnownFileType = sourcecode.c.h; path = MTECurrencyTableViewCell.h; sourceTree = "<group>"; };
		5074FF3B1AD98514009FD06D /* MTECurrencyTableViewCell.m */ = {isa = PBXFileReference; fileEncoding = 4; lastKnownFileType = sourcecode.c.objc; path = MTECurrencyTableViewCell.m; sourceTree = "<group>"; };
		50CEE97C1AF02205008D59CE /* MTEAddTravelViewController.h */ = {isa = PBXFileReference; fileEncoding = 4; lastKnownFileType = sourcecode.c.h; path = MTEAddTravelViewController.h; sourceTree = "<group>"; };
		50CEE97D1AF02205008D59CE /* MTEAddTravelViewController.m */ = {isa = PBXFileReference; fileEncoding = 4; lastKnownFileType = sourcecode.c.objc; path = MTEAddTravelViewController.m; sourceTree = "<group>"; };
		50D4E1931B3F1DFD00011085 /* MTEExpenseListTableViewController.h */ = {isa = PBXFileReference; fileEncoding = 4; lastKnownFileType = sourcecode.c.h; path = MTEExpenseListTableViewController.h; sourceTree = "<group>"; };
		50D4E1941B3F1DFD00011085 /* MTEExpenseListTableViewController.m */ = {isa = PBXFileReference; fileEncoding = 4; lastKnownFileType = sourcecode.c.objc; path = MTEExpenseListTableViewController.m; sourceTree = "<group>"; };
		50E7747C1B2CC2F800D900FC /* MTEAddExpenseViewController.h */ = {isa = PBXFileReference; fileEncoding = 4; lastKnownFileType = sourcecode.c.h; path = MTEAddExpenseViewController.h; sourceTree = "<group>"; };
		50E7747D1B2CC2F800D900FC /* MTEAddExpenseViewController.m */ = {isa = PBXFileReference; fileEncoding = 4; lastKnownFileType = sourcecode.c.objc; path = MTEAddExpenseViewController.m; sourceTree = "<group>"; };
		50E7747F1B2CC40700D900FC /* MTETravelViewController.h */ = {isa = PBXFileReference; fileEncoding = 4; lastKnownFileType = sourcecode.c.h; path = MTETravelViewController.h; sourceTree = "<group>"; };
		50E774801B2CC40700D900FC /* MTETravelViewController.m */ = {isa = PBXFileReference; fileEncoding = 4; lastKnownFileType = sourcecode.c.objc; path = MTETravelViewController.m; sourceTree = "<group>"; };
		50F70B221B68D7D30097282C /* MTECategoryViewController.h */ = {isa = PBXFileReference; fileEncoding = 4; lastKnownFileType = sourcecode.c.h; path = MTECategoryViewController.h; sourceTree = "<group>"; };
		50F70B231B68D7D30097282C /* MTECategoryViewController.m */ = {isa = PBXFileReference; fileEncoding = 4; lastKnownFileType = sourcecode.c.objc; path = MTECategoryViewController.m; sourceTree = "<group>"; };
		50F70B251B6903570097282C /* MTEExpense.h */ = {isa = PBXFileReference; fileEncoding = 4; lastKnownFileType = sourcecode.c.h; path = MTEExpense.h; sourceTree = "<group>"; };
		50F70B261B6903570097282C /* MTEExpense.m */ = {isa = PBXFileReference; fileEncoding = 4; lastKnownFileType = sourcecode.c.objc; path = MTEExpense.m; sourceTree = "<group>"; };
		733BCB9308CB06F82597A890 /* Pods.release.xcconfig */ = {isa = PBXFileReference; includeInIndex = 1; lastKnownFileType = text.xcconfig; name = Pods.release.xcconfig; path = "Pods/Target Support Files/Pods/Pods.release.xcconfig"; sourceTree = "<group>"; };
/* End PBXFileReference section */

/* Begin PBXFrameworksBuildPhase section */
		5074FEDF1AD05451009FD06D /* Frameworks */ = {
			isa = PBXFrameworksBuildPhase;
			buildActionMask = 2147483647;
			files = (
				502C2E3D1AEA9255001D0B88 /* CoreData.framework in Frameworks */,
				5F2C85C52A209FBE1B4D517E /* libPods.a in Frameworks */,
			);
			runOnlyForDeploymentPostprocessing = 0;
		};
		5074FEF81AD05451009FD06D /* Frameworks */ = {
			isa = PBXFrameworksBuildPhase;
			buildActionMask = 2147483647;
			files = (
			);
			runOnlyForDeploymentPostprocessing = 0;
		};
/* End PBXFrameworksBuildPhase section */

/* Begin PBXGroup section */
		5074FED91AD05451009FD06D = {
			isa = PBXGroup;
			children = (
				502C2E3C1AEA9255001D0B88 /* CoreData.framework */,
				5074FEE41AD05451009FD06D /* myTravelExpenses */,
				5074FEFE1AD05451009FD06D /* myTravelExpensesTests */,
				5074FEE31AD05451009FD06D /* Products */,
				98C1EF215E106D8436AE54FF /* Pods */,
				B9C158B836B0CF747390A892 /* Frameworks */,
			);
			sourceTree = "<group>";
		};
		5074FEE31AD05451009FD06D /* Products */ = {
			isa = PBXGroup;
			children = (
				5074FEE21AD05451009FD06D /* myTravelExpenses.app */,
				5074FEFB1AD05451009FD06D /* myTravelExpensesTests.xctest */,
			);
			name = Products;
			sourceTree = "<group>";
		};
		5074FEE41AD05451009FD06D /* myTravelExpenses */ = {
			isa = PBXGroup;
			children = (
				5074FF161AD08509009FD06D /* Util */,
				5074FF121AD05C0E009FD06D /* Model */,
				5074FF0B1AD05807009FD06D /* Views */,
				5074FEE91AD05451009FD06D /* AppDelegate.h */,
				5074FEEA1AD05451009FD06D /* AppDelegate.m */,
				5074FEEF1AD05451009FD06D /* Main.storyboard */,
				5074FEF21AD05451009FD06D /* Images.xcassets */,
				5074FEF41AD05451009FD06D /* LaunchScreen.xib */,
				5074FEE51AD05451009FD06D /* Supporting Files */,
			);
			path = myTravelExpenses;
			sourceTree = "<group>";
		};
		5074FEE51AD05451009FD06D /* Supporting Files */ = {
			isa = PBXGroup;
			children = (
				5074FF261AD83269009FD06D /* Fonts */,
				5074FEE61AD05451009FD06D /* Info.plist */,
				5074FEE71AD05451009FD06D /* main.m */,
				502C2E3E1AEA9306001D0B88 /* myTravelExpenses-Prefix.pch */,
			);
			name = "Supporting Files";
			sourceTree = "<group>";
		};
		5074FEFE1AD05451009FD06D /* myTravelExpensesTests */ = {
			isa = PBXGroup;
			children = (
				5074FF011AD05451009FD06D /* myTravelExpensesTests.m */,
				5074FEFF1AD05451009FD06D /* Supporting Files */,
			);
			path = myTravelExpensesTests;
			sourceTree = "<group>";
		};
		5074FEFF1AD05451009FD06D /* Supporting Files */ = {
			isa = PBXGroup;
			children = (
				5074FF001AD05451009FD06D /* Info.plist */,
			);
			name = "Supporting Files";
			sourceTree = "<group>";
		};
		5074FF0B1AD05807009FD06D /* Views */ = {
			isa = PBXGroup;
			children = (
				50E774781B2CC11600D900FC /* Expense */,
				50E774771B2CC0F100D900FC /* Travel */,
			);
			name = Views;
			sourceTree = "<group>";
		};
		5074FF121AD05C0E009FD06D /* Model */ = {
			isa = PBXGroup;
			children = (
				50150B5D1AEADDAD005A63CF /* MTEModel.h */,
				50150B5E1AEADDAD005A63CF /* MTEModel.m */,
				502C2E3F1AEA937A001D0B88 /* myTravelExpenses.xcdatamodeld */,
				50F70B251B6903570097282C /* MTEExpense.h */,
				50F70B261B6903570097282C /* MTEExpense.m */,
				50150B661AEAE4BB005A63CF /* MTETravel.h */,
				50150B671AEAE4BB005A63CF /* MTETravel.m */,
				50150B601AEAE379005A63CF /* MTECategory.h */,
				50150B611AEAE379005A63CF /* MTECategory.m */,
			);
			name = Model;
			sourceTree = "<group>";
		};
		5074FF161AD08509009FD06D /* Util */ = {
			isa = PBXGroup;
			children = (
				5074FF171AD0852B009FD06D /* MTEConfigUtil.h */,
				5074FF181AD0852B009FD06D /* MTEConfigUtil.m */,
				5074FF1A1AD08632009FD06D /* MTEHelper.h */,
				5074FF1B1AD08632009FD06D /* MTEHelper.m */,
				5074FF201AD82731009FD06D /* MTETheme.h */,
				5074FF211AD82731009FD06D /* MTETheme.m */,
				5074FF231AD82744009FD06D /* MTEDefaultTheme.h */,
				5074FF241AD82744009FD06D /* MTEDefaultTheme.m */,
			);
			name = Util;
			sourceTree = "<group>";
		};
		5074FF261AD83269009FD06D /* Fonts */ = {
			isa = PBXGroup;
			children = (
				5074FF271AD83280009FD06D /* Open Sans */,
			);
			name = Fonts;
			sourceTree = "<group>";
		};
		5074FF271AD83280009FD06D /* Open Sans */ = {
			isa = PBXGroup;
			children = (
				5074FF281AD832B3009FD06D /* OpenSans-Bold.ttf */,
				5074FF291AD832B3009FD06D /* OpenSans-BoldItalic.ttf */,
				5074FF2A1AD832B3009FD06D /* OpenSans-ExtraBold.ttf */,
				5074FF2B1AD832B3009FD06D /* OpenSans-ExtraBoldItalic.ttf */,
				5074FF2C1AD832B3009FD06D /* OpenSans-Italic.ttf */,
				5074FF2D1AD832B3009FD06D /* OpenSans-Light.ttf */,
				5074FF2E1AD832B3009FD06D /* OpenSans-LightItalic.ttf */,
				5074FF2F1AD832B3009FD06D /* OpenSans-Regular.ttf */,
				5074FF301AD832B3009FD06D /* OpenSans-Semibold.ttf */,
				5074FF311AD832B3009FD06D /* OpenSans-SemiboldItalic.ttf */,
			);
			name = "Open Sans";
			sourceTree = "<group>";
		};
		50E774731B2CBFEB00D900FC /* Cells */ = {
			isa = PBXGroup;
			children = (
				5074FF0F1AD05A9B009FD06D /* MTETravelTableViewCell.h */,
				5074FF101AD05A9B009FD06D /* MTETravelTableViewCell.m */,
				5074FF3A1AD98514009FD06D /* MTECurrencyTableViewCell.h */,
				5074FF3B1AD98514009FD06D /* MTECurrencyTableViewCell.m */,
			);
			name = Cells;
			sourceTree = "<group>";
		};
		50E774771B2CC0F100D900FC /* Travel */ = {
			isa = PBXGroup;
			children = (
				50E7747F1B2CC40700D900FC /* MTETravelViewController.h */,
				50E774801B2CC40700D900FC /* MTETravelViewController.m */,
				5074FF0C1AD0583A009FD06D /* MTETravelListViewController.h */,
				5074FF0D1AD0583A009FD06D /* MTETravelListViewController.m */,
				5074FF321AD93FA2009FD06D /* MTETravelListEmptyView.xib */,
				5074FF341AD9430B009FD06D /* MTETravelListEmptyView.h */,
				5074FF351AD9430B009FD06D /* MTETravelListEmptyView.m */,
				50CEE97C1AF02205008D59CE /* MTEAddTravelViewController.h */,
				50CEE97D1AF02205008D59CE /* MTEAddTravelViewController.m */,
				50E774731B2CBFEB00D900FC /* Cells */,
			);
			name = Travel;
			sourceTree = "<group>";
		};
		50E774781B2CC11600D900FC /* Expense */ = {
			isa = PBXGroup;
			children = (
				50E7747C1B2CC2F800D900FC /* MTEAddExpenseViewController.h */,
				50E7747D1B2CC2F800D900FC /* MTEAddExpenseViewController.m */,
				50D4E1931B3F1DFD00011085 /* MTEExpenseListTableViewController.h */,
				50D4E1941B3F1DFD00011085 /* MTEExpenseListTableViewController.m */,
				50F70B221B68D7D30097282C /* MTECategoryViewController.h */,
				50F70B231B68D7D30097282C /* MTECategoryViewController.m */,
			);
			name = Expense;
			sourceTree = "<group>";
		};
		98C1EF215E106D8436AE54FF /* Pods */ = {
			isa = PBXGroup;
			children = (
				2C54EAD2CC319F6CE46F4779 /* Pods.debug.xcconfig */,
				733BCB9308CB06F82597A890 /* Pods.release.xcconfig */,
			);
			name = Pods;
			sourceTree = "<group>";
		};
		B9C158B836B0CF747390A892 /* Frameworks */ = {
			isa = PBXGroup;
			children = (
				1D11A70ADBD75CC683412FD8 /* libPods.a */,
			);
			name = Frameworks;
			sourceTree = "<group>";
		};
/* End PBXGroup section */

/* Begin PBXNativeTarget section */
		5074FEE11AD05451009FD06D /* myTravelExpenses */ = {
			isa = PBXNativeTarget;
			buildConfigurationList = 5074FF051AD05451009FD06D /* Build configuration list for PBXNativeTarget "myTravelExpenses" */;
			buildPhases = (
				996E0CE167C0E6DDC55EC074 /* Check Pods Manifest.lock */,
				5074FEDE1AD05451009FD06D /* Sources */,
				5074FEDF1AD05451009FD06D /* Frameworks */,
				5074FEE01AD05451009FD06D /* Resources */,
				EB3F02553CBB5CE4E08F7C52 /* Copy Pods Resources */,
			);
			buildRules = (
			);
			dependencies = (
			);
			name = myTravelExpenses;
			productName = myTravelExpenses;
			productReference = 5074FEE21AD05451009FD06D /* myTravelExpenses.app */;
			productType = "com.apple.product-type.application";
		};
		5074FEFA1AD05451009FD06D /* myTravelExpensesTests */ = {
			isa = PBXNativeTarget;
			buildConfigurationList = 5074FF081AD05451009FD06D /* Build configuration list for PBXNativeTarget "myTravelExpensesTests" */;
			buildPhases = (
				5074FEF71AD05451009FD06D /* Sources */,
				5074FEF81AD05451009FD06D /* Frameworks */,
				5074FEF91AD05451009FD06D /* Resources */,
			);
			buildRules = (
			);
			dependencies = (
				5074FEFD1AD05451009FD06D /* PBXTargetDependency */,
			);
			name = myTravelExpensesTests;
			productName = myTravelExpensesTests;
			productReference = 5074FEFB1AD05451009FD06D /* myTravelExpensesTests.xctest */;
			productType = "com.apple.product-type.bundle.unit-test";
		};
/* End PBXNativeTarget section */

/* Begin PBXProject section */
		5074FEDA1AD05451009FD06D /* Project object */ = {
			isa = PBXProject;
			attributes = {
				LastUpgradeCheck = 0620;
				ORGANIZATIONNAME = smeusling;
				TargetAttributes = {
					5074FEE11AD05451009FD06D = {
						CreatedOnToolsVersion = 6.2;
					};
					5074FEFA1AD05451009FD06D = {
						CreatedOnToolsVersion = 6.2;
						TestTargetID = 5074FEE11AD05451009FD06D;
					};
				};
			};
			buildConfigurationList = 5074FEDD1AD05451009FD06D /* Build configuration list for PBXProject "myTravelExpenses" */;
			compatibilityVersion = "Xcode 3.2";
			developmentRegion = English;
			hasScannedForEncodings = 0;
			knownRegions = (
				en,
				Base,
			);
			mainGroup = 5074FED91AD05451009FD06D;
			productRefGroup = 5074FEE31AD05451009FD06D /* Products */;
			projectDirPath = "";
			projectRoot = "";
			targets = (
				5074FEE11AD05451009FD06D /* myTravelExpenses */,
				5074FEFA1AD05451009FD06D /* myTravelExpensesTests */,
			);
		};
/* End PBXProject section */

/* Begin PBXResourcesBuildPhase section */
		5074FEE01AD05451009FD06D /* Resources */ = {
			isa = PBXResourcesBuildPhase;
			buildActionMask = 2147483647;
			files = (
				5074FF331AD93FA2009FD06D /* MTETravelListEmptyView.xib in Resources */,
				5074FEF11AD05451009FD06D /* Main.storyboard in Resources */,
				5074FEF61AD05451009FD06D /* LaunchScreen.xib in Resources */,
				5074FEF31AD05451009FD06D /* Images.xcassets in Resources */,
			);
			runOnlyForDeploymentPostprocessing = 0;
		};
		5074FEF91AD05451009FD06D /* Resources */ = {
			isa = PBXResourcesBuildPhase;
			buildActionMask = 2147483647;
			files = (
			);
			runOnlyForDeploymentPostprocessing = 0;
		};
/* End PBXResourcesBuildPhase section */

/* Begin PBXShellScriptBuildPhase section */
		996E0CE167C0E6DDC55EC074 /* Check Pods Manifest.lock */ = {
			isa = PBXShellScriptBuildPhase;
			buildActionMask = 2147483647;
			files = (
			);
			inputPaths = (
			);
			name = "Check Pods Manifest.lock";
			outputPaths = (
			);
			runOnlyForDeploymentPostprocessing = 0;
			shellPath = /bin/sh;
			shellScript = "diff \"${PODS_ROOT}/../Podfile.lock\" \"${PODS_ROOT}/Manifest.lock\" > /dev/null\nif [[ $? != 0 ]] ; then\n    cat << EOM\nerror: The sandbox is not in sync with the Podfile.lock. Run 'pod install' or update your CocoaPods installation.\nEOM\n    exit 1\nfi\n";
			showEnvVarsInLog = 0;
		};
		EB3F02553CBB5CE4E08F7C52 /* Copy Pods Resources */ = {
			isa = PBXShellScriptBuildPhase;
			buildActionMask = 2147483647;
			files = (
			);
			inputPaths = (
			);
			name = "Copy Pods Resources";
			outputPaths = (
			);
			runOnlyForDeploymentPostprocessing = 0;
			shellPath = /bin/sh;
			shellScript = "\"${SRCROOT}/Pods/Target Support Files/Pods/Pods-resources.sh\"\n";
			showEnvVarsInLog = 0;
		};
/* End PBXShellScriptBuildPhase section */

/* Begin PBXSourcesBuildPhase section */
		5074FEDE1AD05451009FD06D /* Sources */ = {
			isa = PBXSourcesBuildPhase;
			buildActionMask = 2147483647;
			files = (
				50150B5F1AEADDAD005A63CF /* MTEModel.m in Sources */,
				5074FF361AD9430B009FD06D /* MTETravelListEmptyView.m in Sources */,
				5074FF111AD05A9B009FD06D /* MTETravelTableViewCell.m in Sources */,
				502C2E411AEA937A001D0B88 /* myTravelExpenses.xcdatamodeld in Sources */,
				50E7747E1B2CC2F800D900FC /* MTEAddExpenseViewController.m in Sources */,
				50F70B271B6903570097282C /* MTEExpense.m in Sources */,
				5074FF251AD82744009FD06D /* MTEDefaultTheme.m in Sources */,
				5074FF3C1AD98514009FD06D /* MTECurrencyTableViewCell.m in Sources */,
				5074FF221AD82731009FD06D /* MTETheme.m in Sources */,
				50D4E1951B3F1DFD00011085 /* MTEExpenseListTableViewController.m in Sources */,
				5074FF1C1AD08632009FD06D /* MTEHelper.m in Sources */,
				50150B681AEAE4BB005A63CF /* MTETravel.m in Sources */,
				5074FEEB1AD05451009FD06D /* AppDelegate.m in Sources */,
				50F70B241B68D7D30097282C /* MTECategoryViewController.m in Sources */,
				50CEE97E1AF02205008D59CE /* MTEAddTravelViewController.m in Sources */,
				5074FF0E1AD0583A009FD06D /* MTETravelListViewController.m in Sources */,
				50150B621AEAE379005A63CF /* MTECategory.m in Sources */,
				5074FEE81AD05451009FD06D /* main.m in Sources */,
				5074FF191AD0852B009FD06D /* MTEConfigUtil.m in Sources */,
				50E774811B2CC40700D900FC /* MTETravelViewController.m in Sources */,
			);
			runOnlyForDeploymentPostprocessing = 0;
		};
		5074FEF71AD05451009FD06D /* Sources */ = {
			isa = PBXSourcesBuildPhase;
			buildActionMask = 2147483647;
			files = (
				5074FF021AD05451009FD06D /* myTravelExpensesTests.m in Sources */,
			);
			runOnlyForDeploymentPostprocessing = 0;
		};
/* End PBXSourcesBuildPhase section */

/* Begin PBXTargetDependency section */
		5074FEFD1AD05451009FD06D /* PBXTargetDependency */ = {
			isa = PBXTargetDependency;
			target = 5074FEE11AD05451009FD06D /* myTravelExpenses */;
			targetProxy = 5074FEFC1AD05451009FD06D /* PBXContainerItemProxy */;
		};
/* End PBXTargetDependency section */

/* Begin PBXVariantGroup section */
		5074FEEF1AD05451009FD06D /* Main.storyboard */ = {
			isa = PBXVariantGroup;
			children = (
				5074FEF01AD05451009FD06D /* Base */,
			);
			name = Main.storyboard;
			sourceTree = "<group>";
		};
		5074FEF41AD05451009FD06D /* LaunchScreen.xib */ = {
			isa = PBXVariantGroup;
			children = (
				5074FEF51AD05451009FD06D /* Base */,
			);
			name = LaunchScreen.xib;
			sourceTree = "<group>";
		};
/* End PBXVariantGroup section */

/* Begin XCBuildConfiguration section */
		5074FF031AD05451009FD06D /* Debug */ = {
			isa = XCBuildConfiguration;
			buildSettings = {
				ALWAYS_SEARCH_USER_PATHS = NO;
				CLANG_CXX_LANGUAGE_STANDARD = "gnu++0x";
				CLANG_CXX_LIBRARY = "libc++";
				CLANG_ENABLE_MODULES = YES;
				CLANG_ENABLE_OBJC_ARC = YES;
				CLANG_WARN_BOOL_CONVERSION = YES;
				CLANG_WARN_CONSTANT_CONVERSION = YES;
				CLANG_WARN_DIRECT_OBJC_ISA_USAGE = YES_ERROR;
				CLANG_WARN_EMPTY_BODY = YES;
				CLANG_WARN_ENUM_CONVERSION = YES;
				CLANG_WARN_INT_CONVERSION = YES;
				CLANG_WARN_OBJC_ROOT_CLASS = YES_ERROR;
				CLANG_WARN_UNREACHABLE_CODE = YES;
				CLANG_WARN__DUPLICATE_METHOD_MATCH = YES;
				"CODE_SIGN_IDENTITY[sdk=iphoneos*]" = "iPhone Developer";
				COPY_PHASE_STRIP = NO;
				ENABLE_STRICT_OBJC_MSGSEND = YES;
				GCC_C_LANGUAGE_STANDARD = gnu99;
				GCC_DYNAMIC_NO_PIC = NO;
				GCC_OPTIMIZATION_LEVEL = 0;
				GCC_PREPROCESSOR_DEFINITIONS = (
					"DEBUG=1",
					"$(inherited)",
				);
				GCC_SYMBOLS_PRIVATE_EXTERN = NO;
				GCC_WARN_64_TO_32_BIT_CONVERSION = YES;
				GCC_WARN_ABOUT_RETURN_TYPE = YES_ERROR;
				GCC_WARN_UNDECLARED_SELECTOR = YES;
				GCC_WARN_UNINITIALIZED_AUTOS = YES_AGGRESSIVE;
				GCC_WARN_UNUSED_FUNCTION = YES;
				GCC_WARN_UNUSED_VARIABLE = YES;
				IPHONEOS_DEPLOYMENT_TARGET = 7.1;
				MTL_ENABLE_DEBUG_INFO = YES;
				ONLY_ACTIVE_ARCH = YES;
				SDKROOT = iphoneos;
				TARGETED_DEVICE_FAMILY = "1,2";
			};
			name = Debug;
		};
		5074FF041AD05451009FD06D /* Release */ = {
			isa = XCBuildConfiguration;
			buildSettings = {
				ALWAYS_SEARCH_USER_PATHS = NO;
				CLANG_CXX_LANGUAGE_STANDARD = "gnu++0x";
				CLANG_CXX_LIBRARY = "libc++";
				CLANG_ENABLE_MODULES = YES;
				CLANG_ENABLE_OBJC_ARC = YES;
				CLANG_WARN_BOOL_CONVERSION = YES;
				CLANG_WARN_CONSTANT_CONVERSION = YES;
				CLANG_WARN_DIRECT_OBJC_ISA_USAGE = YES_ERROR;
				CLANG_WARN_EMPTY_BODY = YES;
				CLANG_WARN_ENUM_CONVERSION = YES;
				CLANG_WARN_INT_CONVERSION = YES;
				CLANG_WARN_OBJC_ROOT_CLASS = YES_ERROR;
				CLANG_WARN_UNREACHABLE_CODE = YES;
				CLANG_WARN__DUPLICATE_METHOD_MATCH = YES;
				"CODE_SIGN_IDENTITY[sdk=iphoneos*]" = "iPhone Developer";
				COPY_PHASE_STRIP = NO;
				ENABLE_NS_ASSERTIONS = NO;
				ENABLE_STRICT_OBJC_MSGSEND = YES;
				GCC_C_LANGUAGE_STANDARD = gnu99;
				GCC_WARN_64_TO_32_BIT_CONVERSION = YES;
				GCC_WARN_ABOUT_RETURN_TYPE = YES_ERROR;
				GCC_WARN_UNDECLARED_SELECTOR = YES;
				GCC_WARN_UNINITIALIZED_AUTOS = YES_AGGRESSIVE;
				GCC_WARN_UNUSED_FUNCTION = YES;
				GCC_WARN_UNUSED_VARIABLE = YES;
				IPHONEOS_DEPLOYMENT_TARGET = 7.1;
				MTL_ENABLE_DEBUG_INFO = NO;
				SDKROOT = iphoneos;
				TARGETED_DEVICE_FAMILY = "1,2";
				VALIDATE_PRODUCT = YES;
			};
			name = Release;
		};
		5074FF061AD05451009FD06D /* Debug */ = {
			isa = XCBuildConfiguration;
			baseConfigurationReference = 2C54EAD2CC319F6CE46F4779 /* Pods.debug.xcconfig */;
			buildSettings = {
				ASSETCATALOG_COMPILER_APPICON_NAME = AppIcon;
				INFOPLIST_FILE = myTravelExpenses/Info.plist;
				LD_RUNPATH_SEARCH_PATHS = "$(inherited) @executable_path/Frameworks";
				PRODUCT_NAME = "$(TARGET_NAME)";
			};
			name = Debug;
		};
		5074FF071AD05451009FD06D /* Release */ = {
			isa = XCBuildConfiguration;
			baseConfigurationReference = 733BCB9308CB06F82597A890 /* Pods.release.xcconfig */;
			buildSettings = {
				ASSETCATALOG_COMPILER_APPICON_NAME = AppIcon;
				INFOPLIST_FILE = myTravelExpenses/Info.plist;
				LD_RUNPATH_SEARCH_PATHS = "$(inherited) @executable_path/Frameworks";
				PRODUCT_NAME = "$(TARGET_NAME)";
			};
			name = Release;
		};
		5074FF091AD05451009FD06D /* Debug */ = {
			isa = XCBuildConfiguration;
			buildSettings = {
				BUNDLE_LOADER = "$(TEST_HOST)";
				FRAMEWORK_SEARCH_PATHS = (
					"$(SDKROOT)/Developer/Library/Frameworks",
					"$(inherited)",
				);
				GCC_PREPROCESSOR_DEFINITIONS = (
					"DEBUG=1",
					"$(inherited)",
				);
				INFOPLIST_FILE = myTravelExpensesTests/Info.plist;
				LD_RUNPATH_SEARCH_PATHS = "$(inherited) @executable_path/Frameworks @loader_path/Frameworks";
				PRODUCT_NAME = "$(TARGET_NAME)";
				TEST_HOST = "$(BUILT_PRODUCTS_DIR)/myTravelExpenses.app/myTravelExpenses";
			};
			name = Debug;
		};
		5074FF0A1AD05451009FD06D /* Release */ = {
			isa = XCBuildConfiguration;
			buildSettings = {
				BUNDLE_LOADER = "$(TEST_HOST)";
				FRAMEWORK_SEARCH_PATHS = (
					"$(SDKROOT)/Developer/Library/Frameworks",
					"$(inherited)",
				);
				INFOPLIST_FILE = myTravelExpensesTests/Info.plist;
				LD_RUNPATH_SEARCH_PATHS = "$(inherited) @executable_path/Frameworks @loader_path/Frameworks";
				PRODUCT_NAME = "$(TARGET_NAME)";
				TEST_HOST = "$(BUILT_PRODUCTS_DIR)/myTravelExpenses.app/myTravelExpenses";
			};
			name = Release;
		};
/* End XCBuildConfiguration section */

/* Begin XCConfigurationList section */
		5074FEDD1AD05451009FD06D /* Build configuration list for PBXProject "myTravelExpenses" */ = {
			isa = XCConfigurationList;
			buildConfigurations = (
				5074FF031AD05451009FD06D /* Debug */,
				5074FF041AD05451009FD06D /* Release */,
			);
			defaultConfigurationIsVisible = 0;
			defaultConfigurationName = Release;
		};
		5074FF051AD05451009FD06D /* Build configuration list for PBXNativeTarget "myTravelExpenses" */ = {
			isa = XCConfigurationList;
			buildConfigurations = (
				5074FF061AD05451009FD06D /* Debug */,
				5074FF071AD05451009FD06D /* Release */,
			);
			defaultConfigurationIsVisible = 0;
			defaultConfigurationName = Release;
		};
		5074FF081AD05451009FD06D /* Build configuration list for PBXNativeTarget "myTravelExpensesTests" */ = {
			isa = XCConfigurationList;
			buildConfigurations = (
				5074FF091AD05451009FD06D /* Debug */,
				5074FF0A1AD05451009FD06D /* Release */,
			);
			defaultConfigurationIsVisible = 0;
			defaultConfigurationName = Release;
		};
/* End XCConfigurationList section */

/* Begin XCVersionGroup section */
		502C2E3F1AEA937A001D0B88 /* myTravelExpenses.xcdatamodeld */ = {
			isa = XCVersionGroup;
			children = (
				502C2E401AEA937A001D0B88 /* myTravelExpenses.xcdatamodel */,
			);
			currentVersion = 502C2E401AEA937A001D0B88 /* myTravelExpenses.xcdatamodel */;
			path = myTravelExpenses.xcdatamodeld;
			sourceTree = "<group>";
			versionGroupType = wrapper.xcdatamodel;
		};
/* End XCVersionGroup section */
	};
	rootObject = 5074FEDA1AD05451009FD06D /* Project object */;
}
